# This file is automatically @generated by Cargo.
# It is not intended for manual editing.
version = 4

[[package]]
name = "misty-ast"
version = "0.0.1"

[[package]]
name = "misty-codegen-rs"
version = "0.0.1"

[[package]]
name = "misty-compiler"
version = "0.0.1"

[[package]]
name = "misty-core"
version = "0.0.1"

[[package]]
name = "misty-net"
version = "0.0.1"

[[package]]
name = "misty-parser"
version = "0.0.1"
